{
  "originHash" : "e5f01ee0c4803534494ae809cf335236a86383896438c4ebf9edc1e9365ce468",
  "pins" : [
    {
      "identity" : "swift-syntax",
      "kind" : "remoteSourceControl",
      "location" : "https://github.com/swiftlang/swift-syntax.git",
      "state" : {
        "revision" : "0687f71944021d616d34d922343dcef086855920",
        "version" : "600.0.1"
      }
    },
    {
      "identity" : "swift-testing",
      "kind" : "remoteSourceControl",
      "location" : "https://github.com/swiftlang/swift-testing.git",
      "state" : {
        "revision" : "18c42c19cac3fafd61cab1156d4088664b7424ae",
        "version" : "6.0.3"
      }
    },
    {
      "identity" : "swiftopus",
      "kind" : "remoteSourceControl",
      "location" : "https://github.com/Skyline-23/SwiftOpus.git",
      "state" : {
        "revision" : "d8b02ebe1e64e252eafe9e3c86d7aa5224be9eae",
        "version" : "0.1.0"
      }
    }
  ],
  "version" : 3
}
