{
  "originHash" : "17af197835c5c127f865e0b93fa52da4e080a8027c0943e0bc0473a971f21cb0",
  "pins" : [
    {
      "identity" : "swift-syntax",
      "kind" : "remoteSourceControl",
      "location" : "https://github.com/swiftlang/swift-syntax.git",
      "state" : {
        "revision" : "0687f71944021d616d34d922343dcef086855920",
        "version" : "600.0.1"
      }
    },
    {
      "identity" : "swift-testing",
      "kind" : "remoteSourceControl",
      "location" : "https://github.com/swiftlang/swift-testing.git",
      "state" : {
        "revision" : "18c42c19cac3fafd61cab1156d4088664b7424ae",
        "version" : "6.0.3"
      }
    },
    {
      "identity" : "swiftopus",
      "kind" : "remoteSourceControl",
      "location" : "https://github.com/Skyline-23/SwiftOpus.git",
      "state" : {
        "revision" : "20a74e4c67ac0e53e598f3bfb99d20f9adf9c5be",
        "version" : "0.3.0"
      }
    }
  ],
  "version" : 3
}
