{
  "originHash" : "02f8cec21b7b6c113fdc425b6a803bab5106e088c141dc2864d3cf6b8f7e5e27",
  "pins" : [
    {
      "identity" : "opus-swift",
      "kind" : "remoteSourceControl",
      "location" : "https://github.com/ybrid/opus-swift.git",
      "state" : {
        "revision" : "92e76803ce7efc8e8903433cfd5f7f68938534ba",
        "version" : "0.8.0"
      }
    },
    {
      "identity" : "swift-syntax",
      "kind" : "remoteSourceControl",
      "location" : "https://github.com/swiftlang/swift-syntax.git",
      "state" : {
        "revision" : "0687f71944021d616d34d922343dcef086855920",
        "version" : "600.0.1"
      }
    },
    {
      "identity" : "swift-testing",
      "kind" : "remoteSourceControl",
      "location" : "https://github.com/swiftlang/swift-testing.git",
      "state" : {
        "revision" : "18c42c19cac3fafd61cab1156d4088664b7424ae",
        "version" : "6.0.3"
      }
    }
  ],
  "version" : 3
}
